
Microsoft Visual Studio Solution File, Format Version 12.00
# Visual Studio Version 16
VisualStudioVersion = 16.0.29609.76
MinimumVisualStudioVersion = 10.0.40219.1
Project("{FAE04EC0-301F-11D3-BF4B-00C04F79EFBC}") = "MindMapMachineLearning", "MindMapMachineLearning\MindMapMachineLearning.csproj", "{64D9368B-07B4-4FAC-9BD4-0ADBA5252342}"
EndProject
Global
	GlobalSection(SolutionConfigurationPlatforms) = preSolution
		Debug|Any CPU = Debug|Any CPU
		Release|Any CPU = Release|Any CPU
	EndGlobalSection
	GlobalSection(ProjectConfigurationPlatforms) = postSolution
		{64D9368B-07B4-4FAC-9BD4-0ADBA5252342}.Debug|Any CPU.ActiveCfg = Debug|Any CPU
		{64D9368B-07B4-4FAC-9BD4-0ADBA5252342}.Debug|Any CPU.Build.0 = Debug|Any CPU
		{64D9368B-07B4-4FAC-9BD4-0ADBA5252342}.Release|Any CPU.ActiveCfg = Release|Any CPU
		{64D9368B-07B4-4FAC-9BD4-0ADBA5252342}.Release|Any CPU.Build.0 = Release|Any CPU
	EndGlobalSection
	GlobalSection(SolutionProperties) = preSolution
		HideSolutionNode = FALSE
	EndGlobalSection
	GlobalSection(ExtensibilityGlobals) = postSolution
		SolutionGuid = {4D84FFA6-FD43-4FD9-81CC-4A1FA57A48FC}
	EndGlobalSection
EndGlobal
